// !$*UTF8*$!
{
	archiveVersion = 1;
	classes = {
	};
	objectVersion = 46;
	objects = {

/* Begin PBXBuildFile section */
		04058C2718510A1300C3ABEC /* Array.cpp in Sources */ = {isa = PBXBuildFile; fileRef = 04058C0C18510A1300C3ABEC /* Array.cpp */; };
		04058C2918510A1300C3ABEC /* Field.cpp in Sources */ = {isa = PBXBuildFile; fileRef = 04058C1018510A1300C3ABEC /* Field.cpp */; };
		04058C2A18510A1300C3ABEC /* MemoryManager.cpp in Sources */ = {isa = PBXBuildFile; fileRef = 04058C1318510A1300C3ABEC /* MemoryManager.cpp */; };
		04058C2B18510A1300C3ABEC /* Namespace.cpp in Sources */ = {isa = PBXBuildFile; fileRef = 04058C1518510A1300C3ABEC /* Namespace.cpp */; };
		04058C2C18510A1300C3ABEC /* Any.cpp in Sources */ = {isa = PBXBuildFile; fileRef = 04058C1818510A1300C3ABEC /* Any.cpp */; };
		04058C2E18510A1300C3ABEC /* Runtime.cpp in Sources */ = {isa = PBXBuildFile; fileRef = 04058C1D18510A1300C3ABEC /* Runtime.cpp */; };
		04058C2F18510A1300C3ABEC /* String.cpp in Sources */ = {isa = PBXBuildFile; fileRef = 04058C1F18510A1300C3ABEC /* String.cpp */; };
		04058C3018510A1300C3ABEC /* ThreadContext.cpp in Sources */ = {isa = PBXBuildFile; fileRef = 04058C2118510A1300C3ABEC /* ThreadContext.cpp */; };
		04058C3118510A1300C3ABEC /* Type.cpp in Sources */ = {isa = PBXBuildFile; fileRef = 04058C2418510A1300C3ABEC /* Type.cpp */; };
		04644AE4184A5A3F0080EFD8 /* main.cpp in Sources */ = {isa = PBXBuildFile; fileRef = 04644AE3184A5A3F0080EFD8 /* main.cpp */; };
		04FF83D61870377B000E1BF6 /* Function.cpp in Sources */ = {isa = PBXBuildFile; fileRef = 04FF83D51870377B000E1BF6 /* Function.cpp */; };
/* End PBXBuildFile section */

/* Begin PBXCopyFilesBuildPhase section */
		0405C359184A3B7B003CCC15 /* CopyFiles */ = {
			isa = PBXCopyFilesBuildPhase;
			buildActionMask = 2147483647;
			dstPath = /usr/share/man/man1/;
			dstSubfolderSpec = 0;
			files = (
			);
			runOnlyForDeploymentPostprocessing = 1;
		};
/* End PBXCopyFilesBuildPhase section */

/* Begin PBXFileReference section */
		04058C0C18510A1300C3ABEC /* Array.cpp */ = {isa = PBXFileReference; fileEncoding = 4; lastKnownFileType = sourcecode.cpp.cpp; name = Array.cpp; path = ../../../src/Array.cpp; sourceTree = SOURCE_ROOT; };
		04058C0D18510A1300C3ABEC /* Array.h */ = {isa = PBXFileReference; fileEncoding = 4; lastKnownFileType = sourcecode.c.h; name = Array.h; path = ../../../src/Array.h; sourceTree = SOURCE_ROOT; };
		04058C1018510A1300C3ABEC /* Field.cpp */ = {isa = PBXFileReference; fileEncoding = 4; lastKnownFileType = sourcecode.cpp.cpp; name = Field.cpp; path = ../../../src/Field.cpp; sourceTree = SOURCE_ROOT; };
		04058C1118510A1300C3ABEC /* Field.h */ = {isa = PBXFileReference; fileEncoding = 4; lastKnownFileType = sourcecode.c.h; name = Field.h; path = ../../../src/Field.h; sourceTree = SOURCE_ROOT; };
		04058C1218510A1300C3ABEC /* Function.h */ = {isa = PBXFileReference; fileEncoding = 4; lastKnownFileType = sourcecode.c.h; name = Function.h; path = ../../../src/Function.h; sourceTree = SOURCE_ROOT; };
		04058C1318510A1300C3ABEC /* MemoryManager.cpp */ = {isa = PBXFileReference; fileEncoding = 4; lastKnownFileType = sourcecode.cpp.cpp; name = MemoryManager.cpp; path = ../../../src/MemoryManager.cpp; sourceTree = SOURCE_ROOT; };
		04058C1418510A1300C3ABEC /* MemoryManager.h */ = {isa = PBXFileReference; fileEncoding = 4; lastKnownFileType = sourcecode.c.h; name = MemoryManager.h; path = ../../../src/MemoryManager.h; sourceTree = SOURCE_ROOT; };
		04058C1518510A1300C3ABEC /* Namespace.cpp */ = {isa = PBXFileReference; fileEncoding = 4; lastKnownFileType = sourcecode.cpp.cpp; name = Namespace.cpp; path = ../../../src/Namespace.cpp; sourceTree = SOURCE_ROOT; };
		04058C1618510A1300C3ABEC /* Namespace.h */ = {isa = PBXFileReference; fileEncoding = 4; lastKnownFileType = sourcecode.c.h; name = Namespace.h; path = ../../../src/Namespace.h; sourceTree = SOURCE_ROOT; };
		04058C1818510A1300C3ABEC /* Any.cpp */ = {isa = PBXFileReference; explicitFileType = sourcecode.cpp.cpp; fileEncoding = 4; name = Any.cpp; path = ../../../src/Any.cpp; sourceTree = SOURCE_ROOT; };
		04058C1918510A1300C3ABEC /* Any.h */ = {isa = PBXFileReference; fileEncoding = 4; lastKnownFileType = sourcecode.c.h; name = Any.h; path = ../../../src/Any.h; sourceTree = SOURCE_ROOT; };
		04058C1B18510A1300C3ABEC /* Primitives.h */ = {isa = PBXFileReference; fileEncoding = 4; lastKnownFileType = sourcecode.c.h; name = Primitives.h; path = ../../../src/Primitives.h; sourceTree = SOURCE_ROOT; };
		04058C1C18510A1300C3ABEC /* Reader.h */ = {isa = PBXFileReference; fileEncoding = 4; lastKnownFileType = sourcecode.c.h; name = Reader.h; path = ../../../src/Reader.h; sourceTree = SOURCE_ROOT; };
		04058C1D18510A1300C3ABEC /* Runtime.cpp */ = {isa = PBXFileReference; fileEncoding = 4; lastKnownFileType = sourcecode.cpp.cpp; name = Runtime.cpp; path = ../../../src/Runtime.cpp; sourceTree = SOURCE_ROOT; };
		04058C1E18510A1300C3ABEC /* Runtime.h */ = {isa = PBXFileReference; fileEncoding = 4; lastKnownFileType = sourcecode.c.h; name = Runtime.h; path = ../../../src/Runtime.h; sourceTree = SOURCE_ROOT; };
		04058C1F18510A1300C3ABEC /* String.cpp */ = {isa = PBXFileReference; fileEncoding = 4; lastKnownFileType = sourcecode.cpp.cpp; name = String.cpp; path = ../../../src/String.cpp; sourceTree = SOURCE_ROOT; };
		04058C2018510A1300C3ABEC /* String.h */ = {isa = PBXFileReference; fileEncoding = 4; lastKnownFileType = sourcecode.c.h; name = String.h; path = ../../../src/String.h; sourceTree = SOURCE_ROOT; };
		04058C2118510A1300C3ABEC /* ThreadContext.cpp */ = {isa = PBXFileReference; fileEncoding = 4; lastKnownFileType = sourcecode.cpp.cpp; name = ThreadContext.cpp; path = ../../../src/ThreadContext.cpp; sourceTree = SOURCE_ROOT; };
		04058C2218510A1300C3ABEC /* ThreadContext.h */ = {isa = PBXFileReference; fileEncoding = 4; lastKnownFileType = sourcecode.c.h; name = ThreadContext.h; path = ../../../src/ThreadContext.h; sourceTree = SOURCE_ROOT; };
		04058C2318510A1300C3ABEC /* ThreadLocalStorage.h */ = {isa = PBXFileReference; fileEncoding = 4; lastKnownFileType = sourcecode.c.h; name = ThreadLocalStorage.h; path = ../../../src/ThreadLocalStorage.h; sourceTree = SOURCE_ROOT; };
		04058C2418510A1300C3ABEC /* Type.cpp */ = {isa = PBXFileReference; fileEncoding = 4; lastKnownFileType = sourcecode.cpp.cpp; name = Type.cpp; path = ../../../src/Type.cpp; sourceTree = SOURCE_ROOT; };
		04058C2518510A1300C3ABEC /* Type.h */ = {isa = PBXFileReference; fileEncoding = 4; lastKnownFileType = sourcecode.c.h; name = Type.h; path = ../../../src/Type.h; sourceTree = SOURCE_ROOT; };
		0405C35B184A3B7B003CCC15 /* octarine */ = {isa = PBXFileReference; explicitFileType = "compiled.mach-o.executable"; includeInIndex = 0; path = octarine; sourceTree = BUILT_PRODUCTS_DIR; };
		040F11E6186DF95F00774857 /* Symbol.h */ = {isa = PBXFileReference; explicitFileType = sourcecode.cpp.h; fileEncoding = 4; name = Symbol.h; path = ../../../src/Symbol.h; sourceTree = SOURCE_ROOT; };
		040FD045186EF6D7002FE745 /* Variant.h */ = {isa = PBXFileReference; explicitFileType = sourcecode.cpp.h; name = Variant.h; path = ../../../src/Variant.h; sourceTree = SOURCE_ROOT; };
		04644AE3184A5A3F0080EFD8 /* main.cpp */ = {isa = PBXFileReference; explicitFileType = sourcecode.cpp.cpp; fileEncoding = 4; name = main.cpp; path = ../../../src/main.cpp; sourceTree = SOURCE_ROOT; };
		04FF83D51870377B000E1BF6 /* Function.cpp */ = {isa = PBXFileReference; explicitFileType = sourcecode.cpp.cpp; fileEncoding = 4; name = Function.cpp; path = ../../../src/Function.cpp; sourceTree = SOURCE_ROOT; };
/* End PBXFileReference section */

/* Begin PBXFrameworksBuildPhase section */
		0405C358184A3B7B003CCC15 /* Frameworks */ = {
			isa = PBXFrameworksBuildPhase;
			buildActionMask = 2147483647;
			files = (
			);
			runOnlyForDeploymentPostprocessing = 0;
		};
/* End PBXFrameworksBuildPhase section */

/* Begin PBXGroup section */
		0405C352184A3B7B003CCC15 = {
			isa = PBXGroup;
			children = (
				0405C35D184A3B7B003CCC15 /* octarine */,
				0405C35C184A3B7B003CCC15 /* Products */,
			);
			sourceTree = "<group>";
		};
		0405C35C184A3B7B003CCC15 /* Products */ = {
			isa = PBXGroup;
			children = (
				0405C35B184A3B7B003CCC15 /* octarine */,
			);
			name = Products;
			sourceTree = "<group>";
		};
		0405C35D184A3B7B003CCC15 /* octarine */ = {
			isa = PBXGroup;
			children = (
				04058C1818510A1300C3ABEC /* Any.cpp */,
				04058C1918510A1300C3ABEC /* Any.h */,
				04058C0C18510A1300C3ABEC /* Array.cpp */,
				04058C0D18510A1300C3ABEC /* Array.h */,
				04058C1018510A1300C3ABEC /* Field.cpp */,
				04058C1118510A1300C3ABEC /* Field.h */,
				04FF83D51870377B000E1BF6 /* Function.cpp */,
				04058C1218510A1300C3ABEC /* Function.h */,
				04644AE3184A5A3F0080EFD8 /* main.cpp */,
				04058C1318510A1300C3ABEC /* MemoryManager.cpp */,
				04058C1418510A1300C3ABEC /* MemoryManager.h */,
				04058C1518510A1300C3ABEC /* Namespace.cpp */,
				04058C1618510A1300C3ABEC /* Namespace.h */,
				04058C1B18510A1300C3ABEC /* Primitives.h */,
				04058C1C18510A1300C3ABEC /* Reader.h */,
				04058C1D18510A1300C3ABEC /* Runtime.cpp */,
				04058C1E18510A1300C3ABEC /* Runtime.h */,
				04058C1F18510A1300C3ABEC /* String.cpp */,
				04058C2018510A1300C3ABEC /* String.h */,
				040F11E6186DF95F00774857 /* Symbol.h */,
				04058C2118510A1300C3ABEC /* ThreadContext.cpp */,
				04058C2218510A1300C3ABEC /* ThreadContext.h */,
				04058C2318510A1300C3ABEC /* ThreadLocalStorage.h */,
				04058C2418510A1300C3ABEC /* Type.cpp */,
				04058C2518510A1300C3ABEC /* Type.h */,
				040FD045186EF6D7002FE745 /* Variant.h */,
			);
			path = octarine;
			sourceTree = "<group>";
		};
/* End PBXGroup section */

/* Begin PBXNativeTarget section */
		0405C35A184A3B7B003CCC15 /* octarine */ = {
			isa = PBXNativeTarget;
			buildConfigurationList = 0405C364184A3B7B003CCC15 /* Build configuration list for PBXNativeTarget "octarine" */;
			buildPhases = (
				0405C357184A3B7B003CCC15 /* Sources */,
				0405C358184A3B7B003CCC15 /* Frameworks */,
				0405C359184A3B7B003CCC15 /* CopyFiles */,
			);
			buildRules = (
			);
			dependencies = (
			);
			name = octarine;
			productName = octarine;
			productReference = 0405C35B184A3B7B003CCC15 /* octarine */;
			productType = "com.apple.product-type.tool";
		};
/* End PBXNativeTarget section */

/* Begin PBXProject section */
		0405C353184A3B7B003CCC15 /* Project object */ = {
			isa = PBXProject;
			attributes = {
				LastUpgradeCheck = 0500;
			};
			buildConfigurationList = 0405C356184A3B7B003CCC15 /* Build configuration list for PBXProject "octarine" */;
			compatibilityVersion = "Xcode 3.2";
			developmentRegion = English;
			hasScannedForEncodings = 0;
			knownRegions = (
				en,
			);
			mainGroup = 0405C352184A3B7B003CCC15;
			productRefGroup = 0405C35C184A3B7B003CCC15 /* Products */;
			projectDirPath = "";
			projectRoot = "";
			targets = (
				0405C35A184A3B7B003CCC15 /* octarine */,
			);
		};
/* End PBXProject section */

/* Begin PBXSourcesBuildPhase section */
		0405C357184A3B7B003CCC15 /* Sources */ = {
			isa = PBXSourcesBuildPhase;
			buildActionMask = 2147483647;
			files = (
				04058C2A18510A1300C3ABEC /* MemoryManager.cpp in Sources */,
				04058C3018510A1300C3ABEC /* ThreadContext.cpp in Sources */,
				04058C2B18510A1300C3ABEC /* Namespace.cpp in Sources */,
				04058C3118510A1300C3ABEC /* Type.cpp in Sources */,
				04058C2F18510A1300C3ABEC /* String.cpp in Sources */,
				04644AE4184A5A3F0080EFD8 /* main.cpp in Sources */,
				04058C2E18510A1300C3ABEC /* Runtime.cpp in Sources */,
				04058C2C18510A1300C3ABEC /* Any.cpp in Sources */,
				04058C2918510A1300C3ABEC /* Field.cpp in Sources */,
				04FF83D61870377B000E1BF6 /* Function.cpp in Sources */,
				04058C2718510A1300C3ABEC /* Array.cpp in Sources */,
			);
			runOnlyForDeploymentPostprocessing = 0;
		};
/* End PBXSourcesBuildPhase section */

/* Begin XCBuildConfiguration section */
		0405C362184A3B7B003CCC15 /* Debug */ = {
			isa = XCBuildConfiguration;
			buildSettings = {
				ALWAYS_SEARCH_USER_PATHS = NO;
				CLANG_CXX_LANGUAGE_STANDARD = "gnu++0x";
				CLANG_CXX_LIBRARY = "libc++";
				CLANG_ENABLE_OBJC_ARC = YES;
				CLANG_WARN_BOOL_CONVERSION = YES;
				CLANG_WARN_CONSTANT_CONVERSION = YES;
				CLANG_WARN_DIRECT_OBJC_ISA_USAGE = YES_ERROR;
				CLANG_WARN_EMPTY_BODY = YES;
				CLANG_WARN_ENUM_CONVERSION = YES;
				CLANG_WARN_INT_CONVERSION = YES;
				CLANG_WARN_OBJC_ROOT_CLASS = YES_ERROR;
				CLANG_WARN__DUPLICATE_METHOD_MATCH = YES;
				COPY_PHASE_STRIP = NO;
				GCC_C_LANGUAGE_STANDARD = gnu99;
				GCC_DYNAMIC_NO_PIC = NO;
				GCC_ENABLE_OBJC_EXCEPTIONS = YES;
				GCC_OPTIMIZATION_LEVEL = 0;
				GCC_PREPROCESSOR_DEFINITIONS = (
					"DEBUG=1",
					"$(inherited)",
				);
				GCC_SYMBOLS_PRIVATE_EXTERN = NO;
				GCC_WARN_64_TO_32_BIT_CONVERSION = YES;
				GCC_WARN_ABOUT_RETURN_TYPE = YES_ERROR;
				GCC_WARN_UNDECLARED_SELECTOR = YES;
				GCC_WARN_UNINITIALIZED_AUTOS = YES;
				GCC_WARN_UNUSED_FUNCTION = YES;
				GCC_WARN_UNUSED_VARIABLE = YES;
				MACOSX_DEPLOYMENT_TARGET = 10.9;
				ONLY_ACTIVE_ARCH = YES;
				SDKROOT = macosx;
			};
			name = Debug;
		};
		0405C363184A3B7B003CCC15 /* Release */ = {
			isa = XCBuildConfiguration;
			buildSettings = {
				ALWAYS_SEARCH_USER_PATHS = NO;
				CLANG_CXX_LANGUAGE_STANDARD = "gnu++0x";
				CLANG_CXX_LIBRARY = "libc++";
				CLANG_ENABLE_OBJC_ARC = YES;
				CLANG_WARN_BOOL_CONVERSION = YES;
				CLANG_WARN_CONSTANT_CONVERSION = YES;
				CLANG_WARN_DIRECT_OBJC_ISA_USAGE = YES_ERROR;
				CLANG_WARN_EMPTY_BODY = YES;
				CLANG_WARN_ENUM_CONVERSION = YES;
				CLANG_WARN_INT_CONVERSION = YES;
				CLANG_WARN_OBJC_ROOT_CLASS = YES_ERROR;
				CLANG_WARN__DUPLICATE_METHOD_MATCH = YES;
				COPY_PHASE_STRIP = YES;
				DEBUG_INFORMATION_FORMAT = "dwarf-with-dsym";
				ENABLE_NS_ASSERTIONS = NO;
				GCC_C_LANGUAGE_STANDARD = gnu99;
				GCC_ENABLE_OBJC_EXCEPTIONS = YES;
				GCC_WARN_64_TO_32_BIT_CONVERSION = YES;
				GCC_WARN_ABOUT_RETURN_TYPE = YES_ERROR;
				GCC_WARN_UNDECLARED_SELECTOR = YES;
				GCC_WARN_UNINITIALIZED_AUTOS = YES;
				GCC_WARN_UNUSED_FUNCTION = YES;
				GCC_WARN_UNUSED_VARIABLE = YES;
				MACOSX_DEPLOYMENT_TARGET = 10.9;
				SDKROOT = macosx;
			};
			name = Release;
		};
		0405C365184A3B7B003CCC15 /* Debug */ = {
			isa = XCBuildConfiguration;
			buildSettings = {
				MACOSX_DEPLOYMENT_TARGET = 10.7;
				PRODUCT_NAME = "$(TARGET_NAME)";
				SDKROOT = macosx10.8;
			};
			name = Debug;
		};
		0405C366184A3B7B003CCC15 /* Release */ = {
			isa = XCBuildConfiguration;
			buildSettings = {
				GCC_OPTIMIZATION_LEVEL = fast;
				GCC_UNROLL_LOOPS = YES;
				LLVM_LTO = YES;
				LLVM_VECTORIZE_LOOPS = YES;
				MACOSX_DEPLOYMENT_TARGET = 10.7;
				PRODUCT_NAME = "$(TARGET_NAME)";
				SDKROOT = macosx10.8;
			};
			name = Release;
		};
/* End XCBuildConfiguration section */

/* Begin XCConfigurationList section */
		0405C356184A3B7B003CCC15 /* Build configuration list for PBXProject "octarine" */ = {
			isa = XCConfigurationList;
			buildConfigurations = (
				0405C362184A3B7B003CCC15 /* Debug */,
				0405C363184A3B7B003CCC15 /* Release */,
			);
			defaultConfigurationIsVisible = 0;
			defaultConfigurationName = Release;
		};
		0405C364184A3B7B003CCC15 /* Build configuration list for PBXNativeTarget "octarine" */ = {
			isa = XCConfigurationList;
			buildConfigurations = (
				0405C365184A3B7B003CCC15 /* Debug */,
				0405C366184A3B7B003CCC15 /* Release */,
			);
			defaultConfigurationIsVisible = 0;
			defaultConfigurationName = Release;
		};
/* End XCConfigurationList section */
	};
	rootObject = 0405C353184A3B7B003CCC15 /* Project object */;
}
